
Microsoft Visual Studio Solution File, Format Version 12.00
# Visual Studio Version 17
VisualStudioVersion = 17.12.35527.113 d17.12
MinimumVisualStudioVersion = 10.0.40219.1
Project("{FAE04EC0-301F-11D3-BF4B-00C04F79EFBC}") = "SIMIKO.App.Server", "SIMIKO.App.Server\SIMIKO.App.Server.csproj", "{28212A0C-4204-4501-95B3-2AE079D4261A}"
EndProject
Project("{54A90642-561A-4BB1-A94E-469ADEE60C69}") = "simiko.app.client", "simiko.app.client\simiko.app.client.esproj", "{8D6AFC6A-B049-41F8-B4FC-20C496C7DCEB}"
EndProject
Global
	GlobalSection(SolutionConfigurationPlatforms) = preSolution
		Debug|Any CPU = Debug|Any CPU
		Release|Any CPU = Release|Any CPU
	EndGlobalSection
	GlobalSection(ProjectConfigurationPlatforms) = postSolution
		{28212A0C-4204-4501-95B3-2AE079D4261A}.Debug|Any CPU.ActiveCfg = Debug|Any CPU
		{28212A0C-4204-4501-95B3-2AE079D4261A}.Debug|Any CPU.Build.0 = Debug|Any CPU
		{28212A0C-4204-4501-95B3-2AE079D4261A}.Release|Any CPU.ActiveCfg = Release|Any CPU
		{28212A0C-4204-4501-95B3-2AE079D4261A}.Release|Any CPU.Build.0 = Release|Any CPU
		{8D6AFC6A-B049-41F8-B4FC-20C496C7DCEB}.Debug|Any CPU.ActiveCfg = Debug|Any CPU
		{8D6AFC6A-B049-41F8-B4FC-20C496C7DCEB}.Debug|Any CPU.Build.0 = Debug|Any CPU
		{8D6AFC6A-B049-41F8-B4FC-20C496C7DCEB}.Debug|Any CPU.Deploy.0 = Debug|Any CPU
		{8D6AFC6A-B049-41F8-B4FC-20C496C7DCEB}.Release|Any CPU.ActiveCfg = Release|Any CPU
		{8D6AFC6A-B049-41F8-B4FC-20C496C7DCEB}.Release|Any CPU.Build.0 = Release|Any CPU
		{8D6AFC6A-B049-41F8-B4FC-20C496C7DCEB}.Release|Any CPU.Deploy.0 = Release|Any CPU
	EndGlobalSection
	GlobalSection(SolutionProperties) = preSolution
		HideSolutionNode = FALSE
	EndGlobalSection
EndGlobal
